// !$*UTF8*$!
{
	archiveVersion = 1;
	classes = {
	};
	objectVersion = 56;
	objects = {

/* Begin PBXBuildFile section */
		C9F156C22ADFDEB300AB1584 /* AppDelegate.swift in Sources */ = {isa = PBXBuildFile; fileRef = C9F156C12ADFDEB300AB1584 /* AppDelegate.swift */; };
		C9F156C42ADFDEB300AB1584 /* SceneDelegate.swift in Sources */ = {isa = PBXBuildFile; fileRef = C9F156C32ADFDEB300AB1584 /* SceneDelegate.swift */; };
		C9F156C62ADFDEB300AB1584 /* ViewController.swift in Sources */ = {isa = PBXBuildFile; fileRef = C9F156C52ADFDEB300AB1584 /* ViewController.swift */; };
		C9F156C92ADFDEB300AB1584 /* Main.storyboard in Resources */ = {isa = PBXBuildFile; fileRef = C9F156C72ADFDEB300AB1584 /* Main.storyboard */; };
		C9F156CB2ADFDEB500AB1584 /* Assets.xcassets in Resources */ = {isa = PBXBuildFile; fileRef = C9F156CA2ADFDEB500AB1584 /* Assets.xcassets */; };
		C9F156CE2ADFDEB500AB1584 /* LaunchScreen.storyboard in Resources */ = {isa = PBXBuildFile; fileRef = C9F156CC2ADFDEB500AB1584 /* LaunchScreen.storyboard */; };
		C9F156D92ADFDEB500AB1584 /* I_am_OrangeTests.swift in Sources */ = {isa = PBXBuildFile; fileRef = C9F156D82ADFDEB500AB1584 /* I_am_OrangeTests.swift */; };
		C9F156E32ADFDEB500AB1584 /* I_am_OrangeUITests.swift in Sources */ = {isa = PBXBuildFile; fileRef = C9F156E22ADFDEB500AB1584 /* I_am_OrangeUITests.swift */; };
		C9F156E52ADFDEB500AB1584 /* I_am_OrangeUITestsLaunchTests.swift in Sources */ = {isa = PBXBuildFile; fileRef = C9F156E42ADFDEB500AB1584 /* I_am_OrangeUITestsLaunchTests.swift */; };
/* End PBXBuildFile section */

/* Begin PBXContainerItemProxy section */
		C9F156D52ADFDEB500AB1584 /* PBXContainerItemProxy */ = {
			isa = PBXContainerItemProxy;
			containerPortal = C9F156B62ADFDEB300AB1584 /* Project object */;
			proxyType = 1;
			remoteGlobalIDString = C9F156BD2ADFDEB300AB1584;
			remoteInfo = "I am Orange";
		};
		C9F156DF2ADFDEB500AB1584 /* PBXContainerItemProxy */ = {
			isa = PBXContainerItemProxy;
			containerPortal = C9F156B62ADFDEB300AB1584 /* Project object */;
			proxyType = 1;
			remoteGlobalIDString = C9F156BD2ADFDEB300AB1584;
			remoteInfo = "I am Orange";
		};
/* End PBXContainerItemProxy section */

/* Begin PBXFileReference section */
		C9F156BE2ADFDEB300AB1584 /* I am Orange.app */ = {isa = PBXFileReference; explicitFileType = wrapper.application; includeInIndex = 0; path = "I am Orange.app"; sourceTree = BUILT_PRODUCTS_DIR; };
		C9F156C12ADFDEB300AB1584 /* AppDelegate.swift */ = {isa = PBXFileReference; lastKnownFileType = sourcecode.swift; path = AppDelegate.swift; sourceTree = "<group>"; };
		C9F156C32ADFDEB300AB1584 /* SceneDelegate.swift */ = {isa = PBXFileReference; lastKnownFileType = sourcecode.swift; path = SceneDelegate.swift; sourceTree = "<group>"; };
		C9F156C52ADFDEB300AB1584 /* ViewController.swift */ = {isa = PBXFileReference; lastKnownFileType = sourcecode.swift; path = ViewController.swift; sourceTree = "<group>"; };
		C9F156C82ADFDEB300AB1584 /* Base */ = {isa = PBXFileReference; lastKnownFileType = file.storyboard; name = Base; path = Base.lproj/Main.storyboard; sourceTree = "<group>"; };
		C9F156CA2ADFDEB500AB1584 /* Assets.xcassets */ = {isa = PBXFileReference; lastKnownFileType = folder.assetcatalog; path = Assets.xcassets; sourceTree = "<group>"; };
		C9F156CD2ADFDEB500AB1584 /* Base */ = {isa = PBXFileReference; lastKnownFileType = file.storyboard; name = Base; path = Base.lproj/LaunchScreen.storyboard; sourceTree = "<group>"; };
		C9F156CF2ADFDEB500AB1584 /* Info.plist */ = {isa = PBXFileReference; lastKnownFileType = text.plist.xml; path = Info.plist; sourceTree = "<group>"; };
		C9F156D42ADFDEB500AB1584 /* I am OrangeTests.xctest */ = {isa = PBXFileReference; explicitFileType = wrapper.cfbundle; includeInIndex = 0; path = "I am OrangeTests.xctest"; sourceTree = BUILT_PRODUCTS_DIR; };
		C9F156D82ADFDEB500AB1584 /* I_am_OrangeTests.swift */ = {isa = PBXFileReference; lastKnownFileType = sourcecode.swift; path = I_am_OrangeTests.swift; sourceTree = "<group>"; };
		C9F156DE2ADFDEB500AB1584 /* I am OrangeUITests.xctest */ = {isa = PBXFileReference; explicitFileType = wrapper.cfbundle; includeInIndex = 0; path = "I am OrangeUITests.xctest"; sourceTree = BUILT_PRODUCTS_DIR; };
		C9F156E22ADFDEB500AB1584 /* I_am_OrangeUITests.swift */ = {isa = PBXFileReference; lastKnownFileType = sourcecode.swift; path = I_am_OrangeUITests.swift; sourceTree = "<group>"; };
		C9F156E42ADFDEB500AB1584 /* I_am_OrangeUITestsLaunchTests.swift */ = {isa = PBXFileReference; lastKnownFileType = sourcecode.swift; path = I_am_OrangeUITestsLaunchTests.swift; sourceTree = "<group>"; };
/* End PBXFileReference section */

/* Begin PBXFrameworksBuildPhase section */
		C9F156BB2ADFDEB300AB1584 /* Frameworks */ = {
			isa = PBXFrameworksBuildPhase;
			buildActionMask = 2147483647;
			files = (
			);
			runOnlyForDeploymentPostprocessing = 0;
		};
		C9F156D12ADFDEB500AB1584 /* Frameworks */ = {
			isa = PBXFrameworksBuildPhase;
			buildActionMask = 2147483647;
			files = (
			);
			runOnlyForDeploymentPostprocessing = 0;
		};
		C9F156DB2ADFDEB500AB1584 /* Frameworks */ = {
			isa = PBXFrameworksBuildPhase;
			buildActionMask = 2147483647;
			files = (
			);
			runOnlyForDeploymentPostprocessing = 0;
		};
/* End PBXFrameworksBuildPhase section */

/* Begin PBXGroup section */
		C9F156B52ADFDEB300AB1584 = {
			isa = PBXGroup;
			children = (
				C9F156C02ADFDEB300AB1584 /* I am Orange */,
				C9F156D72ADFDEB500AB1584 /* I am OrangeTests */,
				C9F156E12ADFDEB500AB1584 /* I am OrangeUITests */,
				C9F156BF2ADFDEB300AB1584 /* Products */,
			);
			sourceTree = "<group>";
		};
		C9F156BF2ADFDEB300AB1584 /* Products */ = {
			isa = PBXGroup;
			children = (
				C9F156BE2ADFDEB300AB1584 /* I am Orange.app */,
				C9F156D42ADFDEB500AB1584 /* I am OrangeTests.xctest */,
				C9F156DE2ADFDEB500AB1584 /* I am OrangeUITests.xctest */,
			);
			name = Products;
			sourceTree = "<group>";
		};
		C9F156C02ADFDEB300AB1584 /* I am Orange */ = {
			isa = PBXGroup;
			children = (
				C9F156C12ADFDEB300AB1584 /* AppDelegate.swift */,
				C9F156C32ADFDEB300AB1584 /* SceneDelegate.swift */,
				C9F156C52ADFDEB300AB1584 /* ViewController.swift */,
				C9F156C72ADFDEB300AB1584 /* Main.storyboard */,
				C9F156CA2ADFDEB500AB1584 /* Assets.xcassets */,
				C9F156CC2ADFDEB500AB1584 /* LaunchScreen.storyboard */,
				C9F156CF2ADFDEB500AB1584 /* Info.plist */,
			);
			path = "I am Orange";
			sourceTree = "<group>";
		};
		C9F156D72ADFDEB500AB1584 /* I am OrangeTests */ = {
			isa = PBXGroup;
			children = (
				C9F156D82ADFDEB500AB1584 /* I_am_OrangeTests.swift */,
			);
			path = "I am OrangeTests";
			sourceTree = "<group>";
		};
		C9F156E12ADFDEB500AB1584 /* I am OrangeUITests */ = {
			isa = PBXGroup;
			children = (
				C9F156E22ADFDEB500AB1584 /* I_am_OrangeUITests.swift */,
				C9F156E42ADFDEB500AB1584 /* I_am_OrangeUITestsLaunchTests.swift */,
			);
			path = "I am OrangeUITests";
			sourceTree = "<group>";
		};
/* End PBXGroup section */

/* Begin PBXNativeTarget section */
		C9F156BD2ADFDEB300AB1584 /* I am Orange */ = {
			isa = PBXNativeTarget;
			buildConfigurationList = C9F156E82ADFDEB500AB1584 /* Build configuration list for PBXNativeTarget "I am Orange" */;
			buildPhases = (
				C9F156BA2ADFDEB300AB1584 /* Sources */,
				C9F156BB2ADFDEB300AB1584 /* Frameworks */,
				C9F156BC2ADFDEB300AB1584 /* Resources */,
			);
			buildRules = (
			);
			dependencies = (
			);
			name = "I am Orange";
			productName = "I am Orange";
			productReference = C9F156BE2ADFDEB300AB1584 /* I am Orange.app */;
			productType = "com.apple.product-type.application";
		};
		C9F156D32ADFDEB500AB1584 /* I am OrangeTests */ = {
			isa = PBXNativeTarget;
			buildConfigurationList = C9F156EB2ADFDEB500AB1584 /* Build configuration list for PBXNativeTarget "I am OrangeTests" */;
			buildPhases = (
				C9F156D02ADFDEB500AB1584 /* Sources */,
				C9F156D12ADFDEB500AB1584 /* Frameworks */,
				C9F156D22ADFDEB500AB1584 /* Resources */,
			);
			buildRules = (
			);
			dependencies = (
				C9F156D62ADFDEB500AB1584 /* PBXTargetDependency */,
			);
			name = "I am OrangeTests";
			productName = "I am OrangeTests";
			productReference = C9F156D42ADFDEB500AB1584 /* I am OrangeTests.xctest */;
			productType = "com.apple.product-type.bundle.unit-test";
		};
		C9F156DD2ADFDEB500AB1584 /* I am OrangeUITests */ = {
			isa = PBXNativeTarget;
			buildConfigurationList = C9F156EE2ADFDEB500AB1584 /* Build configuration list for PBXNativeTarget "I am OrangeUITests" */;
			buildPhases = (
				C9F156DA2ADFDEB500AB1584 /* Sources */,
				C9F156DB2ADFDEB500AB1584 /* Frameworks */,
				C9F156DC2ADFDEB500AB1584 /* Resources */,
			);
			buildRules = (
			);
			dependencies = (
				C9F156E02ADFDEB500AB1584 /* PBXTargetDependency */,
			);
			name = "I am OrangeUITests";
			productName = "I am OrangeUITests";
			productReference = C9F156DE2ADFDEB500AB1584 /* I am OrangeUITests.xctest */;
			productType = "com.apple.product-type.bundle.ui-testing";
		};
/* End PBXNativeTarget section */

/* Begin PBXProject section */
		C9F156B62ADFDEB300AB1584 /* Project object */ = {
			isa = PBXProject;
			attributes = {
				BuildIndependentTargetsInParallel = 1;
				LastSwiftUpdateCheck = 1500;
				LastUpgradeCheck = 1500;
				TargetAttributes = {
					C9F156BD2ADFDEB300AB1584 = {
						CreatedOnToolsVersion = 15.0;
					};
					C9F156D32ADFDEB500AB1584 = {
						CreatedOnToolsVersion = 15.0;
						TestTargetID = C9F156BD2ADFDEB300AB1584;
					};
					C9F156DD2ADFDEB500AB1584 = {
						CreatedOnToolsVersion = 15.0;
						TestTargetID = C9F156BD2ADFDEB300AB1584;
					};
				};
			};
			buildConfigurationList = C9F156B92ADFDEB300AB1584 /* Build configuration list for PBXProject "I am Orange" */;
			compatibilityVersion = "Xcode 14.0";
			developmentRegion = en;
			hasScannedForEncodings = 0;
			knownRegions = (
				en,
				Base,
			);
			mainGroup = C9F156B52ADFDEB300AB1584;
			productRefGroup = C9F156BF2ADFDEB300AB1584 /* Products */;
			projectDirPath = "";
			projectRoot = "";
			targets = (
				C9F156BD2ADFDEB300AB1584 /* I am Orange */,
				C9F156D32ADFDEB500AB1584 /* I am OrangeTests */,
				C9F156DD2ADFDEB500AB1584 /* I am OrangeUITests */,
			);
		};
/* End PBXProject section */

/* Begin PBXResourcesBuildPhase section */
		C9F156BC2ADFDEB300AB1584 /* Resources */ = {
			isa = PBXResourcesBuildPhase;
			buildActionMask = 2147483647;
			files = (
				C9F156CE2ADFDEB500AB1584 /* LaunchScreen.storyboard in Resources */,
				C9F156CB2ADFDEB500AB1584 /* Assets.xcassets in Resources */,
				C9F156C92ADFDEB300AB1584 /* Main.storyboard in Resources */,
			);
			runOnlyForDeploymentPostprocessing = 0;
		};
		C9F156D22ADFDEB500AB1584 /* Resources */ = {
			isa = PBXResourcesBuildPhase;
			buildActionMask = 2147483647;
			files = (
			);
			runOnlyForDeploymentPostprocessing = 0;
		};
		C9F156DC2ADFDEB500AB1584 /* Resources */ = {
			isa = PBXResourcesBuildPhase;
			buildActionMask = 2147483647;
			files = (
			);
			runOnlyForDeploymentPostprocessing = 0;
		};
/* End PBXResourcesBuildPhase section */

/* Begin PBXSourcesBuildPhase section */
		C9F156BA2ADFDEB300AB1584 /* Sources */ = {
			isa = PBXSourcesBuildPhase;
			buildActionMask = 2147483647;
			files = (
				C9F156C62ADFDEB300AB1584 /* ViewController.swift in Sources */,
				C9F156C22ADFDEB300AB1584 /* AppDelegate.swift in Sources */,
				C9F156C42ADFDEB300AB1584 /* SceneDelegate.swift in Sources */,
			);
			runOnlyForDeploymentPostprocessing = 0;
		};
		C9F156D02ADFDEB500AB1584 /* Sources */ = {
			isa = PBXSourcesBuildPhase;
			buildActionMask = 2147483647;
			files = (
				C9F156D92ADFDEB500AB1584 /* I_am_OrangeTests.swift in Sources */,
			);
			runOnlyForDeploymentPostprocessing = 0;
		};
		C9F156DA2ADFDEB500AB1584 /* Sources */ = {
			isa = PBXSourcesBuildPhase;
			buildActionMask = 2147483647;
			files = (
				C9F156E52ADFDEB500AB1584 /* I_am_OrangeUITestsLaunchTests.swift in Sources */,
				C9F156E32ADFDEB500AB1584 /* I_am_OrangeUITests.swift in Sources */,
			);
			runOnlyForDeploymentPostprocessing = 0;
		};
/* End PBXSourcesBuildPhase section */

/* Begin PBXTargetDependency section */
		C9F156D62ADFDEB500AB1584 /* PBXTargetDependency */ = {
			isa = PBXTargetDependency;
			target = C9F156BD2ADFDEB300AB1584 /* I am Orange */;
			targetProxy = C9F156D52ADFDEB500AB1584 /* PBXContainerItemProxy */;
		};
		C9F156E02ADFDEB500AB1584 /* PBXTargetDependency */ = {
			isa = PBXTargetDependency;
			target = C9F156BD2ADFDEB300AB1584 /* I am Orange */;
			targetProxy = C9F156DF2ADFDEB500AB1584 /* PBXContainerItemProxy */;
		};
/* End PBXTargetDependency section */

/* Begin PBXVariantGroup section */
		C9F156C72ADFDEB300AB1584 /* Main.storyboard */ = {
			isa = PBXVariantGroup;
			children = (
				C9F156C82ADFDEB300AB1584 /* Base */,
			);
			name = Main.storyboard;
			sourceTree = "<group>";
		};
		C9F156CC2ADFDEB500AB1584 /* LaunchScreen.storyboard */ = {
			isa = PBXVariantGroup;
			children = (
				C9F156CD2ADFDEB500AB1584 /* Base */,
			);
			name = LaunchScreen.storyboard;
			sourceTree = "<group>";
		};
/* End PBXVariantGroup section */

/* Begin XCBuildConfiguration section */
		C9F156E62ADFDEB500AB1584 /* Debug */ = {
			isa = XCBuildConfiguration;
			buildSettings = {
				ALWAYS_SEARCH_USER_PATHS = NO;
				ASSETCATALOG_COMPILER_GENERATE_SWIFT_ASSET_SYMBOL_EXTENSIONS = YES;
				CLANG_ANALYZER_NONNULL = YES;
				CLANG_ANALYZER_NUMBER_OBJECT_CONVERSION = YES_AGGRESSIVE;
				CLANG_CXX_LANGUAGE_STANDARD = "gnu++20";
				CLANG_ENABLE_MODULES = YES;
				CLANG_ENABLE_OBJC_ARC = YES;
				CLANG_ENABLE_OBJC_WEAK = YES;
				CLANG_WARN_BLOCK_CAPTURE_AUTORELEASING = YES;
				CLANG_WARN_BOOL_CONVERSION = YES;
				CLANG_WARN_COMMA = YES;
				CLANG_WARN_CONSTANT_CONVERSION = YES;
				CLANG_WARN_DEPRECATED_OBJC_IMPLEMENTATIONS = YES;
				CLANG_WARN_DIRECT_OBJC_ISA_USAGE = YES_ERROR;
				CLANG_WARN_DOCUMENTATION_COMMENTS = YES;
				CLANG_WARN_EMPTY_BODY = YES;
				CLANG_WARN_ENUM_CONVERSION = YES;
				CLANG_WARN_INFINITE_RECURSION = YES;
				CLANG_WARN_INT_CONVERSION = YES;
				CLANG_WARN_NON_LITERAL_NULL_CONVERSION = YES;
				CLANG_WARN_OBJC_IMPLICIT_RETAIN_SELF = YES;
				CLANG_WARN_OBJC_LITERAL_CONVERSION = YES;
				CLANG_WARN_OBJC_ROOT_CLASS = YES_ERROR;
				CLANG_WARN_QUOTED_INCLUDE_IN_FRAMEWORK_HEADER = YES;
				CLANG_WARN_RANGE_LOOP_ANALYSIS = YES;
				CLANG_WARN_STRICT_PROTOTYPES = YES;
				CLANG_WARN_SUSPICIOUS_MOVE = YES;
				CLANG_WARN_UNGUARDED_AVAILABILITY = YES_AGGRESSIVE;
				CLANG_WARN_UNREACHABLE_CODE = YES;
				CLANG_WARN__DUPLICATE_METHOD_MATCH = YES;
				COPY_PHASE_STRIP = NO;
				DEBUG_INFORMATION_FORMAT = dwarf;
				ENABLE_STRICT_OBJC_MSGSEND = YES;
				ENABLE_TESTABILITY = YES;
				ENABLE_USER_SCRIPT_SANDBOXING = YES;
				GCC_C_LANGUAGE_STANDARD = gnu17;
				GCC_DYNAMIC_NO_PIC = NO;
				GCC_NO_COMMON_BLOCKS = YES;
				GCC_OPTIMIZATION_LEVEL = 0;
				GCC_PREPROCESSOR_DEFINITIONS = (
					"DEBUG=1",
					"$(inherited)",
				);
				GCC_WARN_64_TO_32_BIT_CONVERSION = YES;
				GCC_WARN_ABOUT_RETURN_TYPE = YES_ERROR;
				GCC_WARN_UNDECLARED_SELECTOR = YES;
				GCC_WARN_UNINITIALIZED_AUTOS = YES_AGGRESSIVE;
				GCC_WARN_UNUSED_FUNCTION = YES;
				GCC_WARN_UNUSED_VARIABLE = YES;
				IPHONEOS_DEPLOYMENT_TARGET = 17.0;
				LOCALIZATION_PREFERS_STRING_CATALOGS = YES;
				MTL_ENABLE_DEBUG_INFO = INCLUDE_SOURCE;
				MTL_FAST_MATH = YES;
				ONLY_ACTIVE_ARCH = YES;
				SDKROOT = iphoneos;
				SWIFT_ACTIVE_COMPILATION_CONDITIONS = "DEBUG $(inherited)";
				SWIFT_OPTIMIZATION_LEVEL = "-Onone";
			};
			name = Debug;
		};
		C9F156E72ADFDEB500AB1584 /* Release */ = {
			isa = XCBuildConfiguration;
			buildSettings = {
				ALWAYS_SEARCH_USER_PATHS = NO;
				ASSETCATALOG_COMPILER_GENERATE_SWIFT_ASSET_SYMBOL_EXTENSIONS = YES;
				CLANG_ANALYZER_NONNULL = YES;
				CLANG_ANALYZER_NUMBER_OBJECT_CONVERSION = YES_AGGRESSIVE;
				CLANG_CXX_LANGUAGE_STANDARD = "gnu++20";
				CLANG_ENABLE_MODULES = YES;
				CLANG_ENABLE_OBJC_ARC = YES;
				CLANG_ENABLE_OBJC_WEAK = YES;
				CLANG_WARN_BLOCK_CAPTURE_AUTORELEASING = YES;
				CLANG_WARN_BOOL_CONVERSION = YES;
				CLANG_WARN_COMMA = YES;
				CLANG_WARN_CONSTANT_CONVERSION = YES;
				CLANG_WARN_DEPRECATED_OBJC_IMPLEMENTATIONS = YES;
				CLANG_WARN_DIRECT_OBJC_ISA_USAGE = YES_ERROR;
				CLANG_WARN_DOCUMENTATION_COMMENTS = YES;
				CLANG_WARN_EMPTY_BODY = YES;
				CLANG_WARN_ENUM_CONVERSION = YES;
				CLANG_WARN_INFINITE_RECURSION = YES;
				CLANG_WARN_INT_CONVERSION = YES;
				CLANG_WARN_NON_LITERAL_NULL_CONVERSION = YES;
				CLANG_WARN_OBJC_IMPLICIT_RETAIN_SELF = YES;
				CLANG_WARN_OBJC_LITERAL_CONVERSION = YES;
				CLANG_WARN_OBJC_ROOT_CLASS = YES_ERROR;
				CLANG_WARN_QUOTED_INCLUDE_IN_FRAMEWORK_HEADER = YES;
				CLANG_WARN_RANGE_LOOP_ANALYSIS = YES;
				CLANG_WARN_STRICT_PROTOTYPES = YES;
				CLANG_WARN_SUSPICIOUS_MOVE = YES;
				CLANG_WARN_UNGUARDED_AVAILABILITY = YES_AGGRESSIVE;
				CLANG_WARN_UNREACHABLE_CODE = YES;
				CLANG_WARN__DUPLICATE_METHOD_MATCH = YES;
				COPY_PHASE_STRIP = NO;
				DEBUG_INFORMATION_FORMAT = "dwarf-with-dsym";
				ENABLE_NS_ASSERTIONS = NO;
				ENABLE_STRICT_OBJC_MSGSEND = YES;
				ENABLE_USER_SCRIPT_SANDBOXING = YES;
				GCC_C_LANGUAGE_STANDARD = gnu17;
				GCC_NO_COMMON_BLOCKS = YES;
				GCC_WARN_64_TO_32_BIT_CONVERSION = YES;
				GCC_WARN_ABOUT_RETURN_TYPE = YES_ERROR;
				GCC_WARN_UNDECLARED_SELECTOR = YES;
				GCC_WARN_UNINITIALIZED_AUTOS = YES_AGGRESSIVE;
				GCC_WARN_UNUSED_FUNCTION = YES;
				GCC_WARN_UNUSED_VARIABLE = YES;
				IPHONEOS_DEPLOYMENT_TARGET = 17.0;
				LOCALIZATION_PREFERS_STRING_CATALOGS = YES;
				MTL_ENABLE_DEBUG_INFO = NO;
				MTL_FAST_MATH = YES;
				SDKROOT = iphoneos;
				SWIFT_COMPILATION_MODE = wholemodule;
				VALIDATE_PRODUCT = YES;
			};
			name = Release;
		};
		C9F156E92ADFDEB500AB1584 /* Debug */ = {
			isa = XCBuildConfiguration;
			buildSettings = {
				ASSETCATALOG_COMPILER_APPICON_NAME = AppIcon;
				ASSETCATALOG_COMPILER_GLOBAL_ACCENT_COLOR_NAME = AccentColor;
				CODE_SIGN_STYLE = Automatic;
				CURRENT_PROJECT_VERSION = 1;
				GENERATE_INFOPLIST_FILE = YES;
				INFOPLIST_FILE = "I am Orange/Info.plist";
				INFOPLIST_KEY_UIApplicationSupportsIndirectInputEvents = YES;
				INFOPLIST_KEY_UILaunchStoryboardName = LaunchScreen;
				INFOPLIST_KEY_UIMainStoryboardFile = Main;
				INFOPLIST_KEY_UISupportedInterfaceOrientations = "UIInterfaceOrientationLandscapeLeft UIInterfaceOrientationLandscapeRight UIInterfaceOrientationPortrait";
				IPHONEOS_DEPLOYMENT_TARGET = 16.0;
				LD_RUNPATH_SEARCH_PATHS = (
					"$(inherited)",
					"@executable_path/Frameworks",
				);
				MARKETING_VERSION = 1.0;
				PRODUCT_BUNDLE_IDENTIFIER = "dev.ozgun.I-am-Orange";
				PRODUCT_NAME = "$(TARGET_NAME)";
				SWIFT_EMIT_LOC_STRINGS = YES;
				SWIFT_VERSION = 5.0;
				TARGETED_DEVICE_FAMILY = "1,2";
			};
			name = Debug;
		};
		C9F156EA2ADFDEB500AB1584 /* Release */ = {
			isa = XCBuildConfiguration;
			buildSettings = {
				ASSETCATALOG_COMPILER_APPICON_NAME = AppIcon;
				ASSETCATALOG_COMPILER_GLOBAL_ACCENT_COLOR_NAME = AccentColor;
				CODE_SIGN_STYLE = Automatic;
				CURRENT_PROJECT_VERSION = 1;
				GENERATE_INFOPLIST_FILE = YES;
				INFOPLIST_FILE = "I am Orange/Info.plist";
				INFOPLIST_KEY_UIApplicationSupportsIndirectInputEvents = YES;
				INFOPLIST_KEY_UILaunchStoryboardName = LaunchScreen;
				INFOPLIST_KEY_UIMainStoryboardFile = Main;
				INFOPLIST_KEY_UISupportedInterfaceOrientations = "UIInterfaceOrientationLandscapeLeft UIInterfaceOrientationLandscapeRight UIInterfaceOrientationPortrait";
				IPHONEOS_DEPLOYMENT_TARGET = 16.0;
				LD_RUNPATH_SEARCH_PATHS = (
					"$(inherited)",
					"@executable_path/Frameworks",
				);
				MARKETING_VERSION = 1.0;
				PRODUCT_BUNDLE_IDENTIFIER = "dev.ozgun.I-am-Orange";
				PRODUCT_NAME = "$(TARGET_NAME)";
				SWIFT_EMIT_LOC_STRINGS = YES;
				SWIFT_VERSION = 5.0;
				TARGETED_DEVICE_FAMILY = "1,2";
			};
			name = Release;
		};
		C9F156EC2ADFDEB500AB1584 /* Debug */ = {
			isa = XCBuildConfiguration;
			buildSettings = {
				ALWAYS_EMBED_SWIFT_STANDARD_LIBRARIES = YES;
				BUNDLE_LOADER = "$(TEST_HOST)";
				CODE_SIGN_STYLE = Automatic;
				CURRENT_PROJECT_VERSION = 1;
				GENERATE_INFOPLIST_FILE = YES;
				IPHONEOS_DEPLOYMENT_TARGET = 17.0;
				MARKETING_VERSION = 1.0;
				PRODUCT_BUNDLE_IDENTIFIER = "dev.ozgun.I-am-OrangeTests";
				PRODUCT_NAME = "$(TARGET_NAME)";
				SWIFT_EMIT_LOC_STRINGS = NO;
				SWIFT_VERSION = 5.0;
				TARGETED_DEVICE_FAMILY = "1,2";
				TEST_HOST = "$(BUILT_PRODUCTS_DIR)/I am Orange.app/$(BUNDLE_EXECUTABLE_FOLDER_PATH)/I am Orange";
			};
			name = Debug;
		};
		C9F156ED2ADFDEB500AB1584 /* Release */ = {
			isa = XCBuildConfiguration;
			buildSettings = {
				ALWAYS_EMBED_SWIFT_STANDARD_LIBRARIES = YES;
				BUNDLE_LOADER = "$(TEST_HOST)";
				CODE_SIGN_STYLE = Automatic;
				CURRENT_PROJECT_VERSION = 1;
				GENERATE_INFOPLIST_FILE = YES;
				IPHONEOS_DEPLOYMENT_TARGET = 17.0;
				MARKETING_VERSION = 1.0;
				PRODUCT_BUNDLE_IDENTIFIER = "dev.ozgun.I-am-OrangeTests";
				PRODUCT_NAME = "$(TARGET_NAME)";
				SWIFT_EMIT_LOC_STRINGS = NO;
				SWIFT_VERSION = 5.0;
				TARGETED_DEVICE_FAMILY = "1,2";
				TEST_HOST = "$(BUILT_PRODUCTS_DIR)/I am Orange.app/$(BUNDLE_EXECUTABLE_FOLDER_PATH)/I am Orange";
			};
			name = Release;
		};
		C9F156EF2ADFDEB500AB1584 /* Debug */ = {
			isa = XCBuildConfiguration;
			buildSettings = {
				ALWAYS_EMBED_SWIFT_STANDARD_LIBRARIES = YES;
				CODE_SIGN_STYLE = Automatic;
				CURRENT_PROJECT_VERSION = 1;
				GENERATE_INFOPLIST_FILE = YES;
				MARKETING_VERSION = 1.0;
				PRODUCT_BUNDLE_IDENTIFIER = "dev.ozgun.I-am-OrangeUITests";
				PRODUCT_NAME = "$(TARGET_NAME)";
				SWIFT_EMIT_LOC_STRINGS = NO;
				SWIFT_VERSION = 5.0;
				TARGETED_DEVICE_FAMILY = "1,2";
				TEST_TARGET_NAME = "I am Orange";
			};
			name = Debug;
		};
		C9F156F02ADFDEB500AB1584 /* Release */ = {
			isa = XCBuildConfiguration;
			buildSettings = {
				ALWAYS_EMBED_SWIFT_STANDARD_LIBRARIES = YES;
				CODE_SIGN_STYLE = Automatic;
				CURRENT_PROJECT_VERSION = 1;
				GENERATE_INFOPLIST_FILE = YES;
				MARKETING_VERSION = 1.0;
				PRODUCT_BUNDLE_IDENTIFIER = "dev.ozgun.I-am-OrangeUITests";
				PRODUCT_NAME = "$(TARGET_NAME)";
				SWIFT_EMIT_LOC_STRINGS = NO;
				SWIFT_VERSION = 5.0;
				TARGETED_DEVICE_FAMILY = "1,2";
				TEST_TARGET_NAME = "I am Orange";
			};
			name = Release;
		};
/* End XCBuildConfiguration section */

/* Begin XCConfigurationList section */
		C9F156B92ADFDEB300AB1584 /* Build configuration list for PBXProject "I am Orange" */ = {
			isa = XCConfigurationList;
			buildConfigurations = (
				C9F156E62ADFDEB500AB1584 /* Debug */,
				C9F156E72ADFDEB500AB1584 /* Release */,
			);
			defaultConfigurationIsVisible = 0;
			defaultConfigurationName = Release;
		};
		C9F156E82ADFDEB500AB1584 /* Build configuration list for PBXNativeTarget "I am Orange" */ = {
			isa = XCConfigurationList;
			buildConfigurations = (
				C9F156E92ADFDEB500AB1584 /* Debug */,
				C9F156EA2ADFDEB500AB1584 /* Release */,
			);
			defaultConfigurationIsVisible = 0;
			defaultConfigurationName = Release;
		};
		C9F156EB2ADFDEB500AB1584 /* Build configuration list for PBXNativeTarget "I am OrangeTests" */ = {
			isa = XCConfigurationList;
			buildConfigurations = (
				C9F156EC2ADFDEB500AB1584 /* Debug */,
				C9F156ED2ADFDEB500AB1584 /* Release */,
			);
			defaultConfigurationIsVisible = 0;
			defaultConfigurationName = Release;
		};
		C9F156EE2ADFDEB500AB1584 /* Build configuration list for PBXNativeTarget "I am OrangeUITests" */ = {
			isa = XCConfigurationList;
			buildConfigurations = (
				C9F156EF2ADFDEB500AB1584 /* Debug */,
				C9F156F02ADFDEB500AB1584 /* Release */,
			);
			defaultConfigurationIsVisible = 0;
			defaultConfigurationName = Release;
		};
/* End XCConfigurationList section */
	};
	rootObject = C9F156B62ADFDEB300AB1584 /* Project object */;
}
